// !$*UTF8*$!
{
	archiveVersion = 1;
	classes = {
	};
	objectVersion = 50;
	objects = {

/* Begin PBXBuildFile section */
		26A52ABE23453F8500700778 /* WeatherViewController.swift in Sources */ = {isa = PBXBuildFile; fileRef = 26A52ABD23453F8500700778 /* WeatherViewController.swift */; };
		26BFE9C423451A9000E2795E /* AppDelegate.swift in Sources */ = {isa = PBXBuildFile; fileRef = 26BFE9C323451A9000E2795E /* AppDelegate.swift */; };
		26BFE9C623451A9000E2795E /* SceneDelegate.swift in Sources */ = {isa = PBXBuildFile; fileRef = 26BFE9C523451A9000E2795E /* SceneDelegate.swift */; };
		26BFE9CB23451A9000E2795E /* Main.storyboard in Resources */ = {isa = PBXBuildFile; fileRef = 26BFE9C923451A9000E2795E /* Main.storyboard */; };
		26BFE9CD23451A9100E2795E /* Assets.xcassets in Resources */ = {isa = PBXBuildFile; fileRef = 26BFE9CC23451A9100E2795E /* Assets.xcassets */; };
		26BFE9D023451A9100E2795E /* LaunchScreen.storyboard in Resources */ = {isa = PBXBuildFile; fileRef = 26BFE9CE23451A9100E2795E /* LaunchScreen.storyboard */; };
		26BFE9DB23451C9700E2795E /* WeatherModel.swift in Sources */ = {isa = PBXBuildFile; fileRef = 26BFE9DA23451C9700E2795E /* WeatherModel.swift */; };
		26BFE9DD2345242600E2795E /* WeatherController.swift in Sources */ = {isa = PBXBuildFile; fileRef = 26BFE9DC2345242600E2795E /* WeatherController.swift */; };
/* End PBXBuildFile section */

/* Begin PBXFileReference section */
		26A52ABD23453F8500700778 /* WeatherViewController.swift */ = {isa = PBXFileReference; lastKnownFileType = sourcecode.swift; path = WeatherViewController.swift; sourceTree = "<group>"; };
		26BFE9C023451A9000E2795E /* WeatherAPI.app */ = {isa = PBXFileReference; explicitFileType = wrapper.application; includeInIndex = 0; path = WeatherAPI.app; sourceTree = BUILT_PRODUCTS_DIR; };
		26BFE9C323451A9000E2795E /* AppDelegate.swift */ = {isa = PBXFileReference; lastKnownFileType = sourcecode.swift; path = AppDelegate.swift; sourceTree = "<group>"; };
		26BFE9C523451A9000E2795E /* SceneDelegate.swift */ = {isa = PBXFileReference; lastKnownFileType = sourcecode.swift; path = SceneDelegate.swift; sourceTree = "<group>"; };
		26BFE9CA23451A9000E2795E /* Base */ = {isa = PBXFileReference; lastKnownFileType = file.storyboard; name = Base; path = Base.lproj/Main.storyboard; sourceTree = "<group>"; };
		26BFE9CC23451A9100E2795E /* Assets.xcassets */ = {isa = PBXFileReference; lastKnownFileType = folder.assetcatalog; path = Assets.xcassets; sourceTree = "<group>"; };
		26BFE9CF23451A9100E2795E /* Base */ = {isa = PBXFileReference; lastKnownFileType = file.storyboard; name = Base; path = Base.lproj/LaunchScreen.storyboard; sourceTree = "<group>"; };
		26BFE9D123451A9100E2795E /* Info.plist */ = {isa = PBXFileReference; lastKnownFileType = text.plist.xml; path = Info.plist; sourceTree = "<group>"; };
		26BFE9DA23451C9700E2795E /* WeatherModel.swift */ = {isa = PBXFileReference; lastKnownFileType = sourcecode.swift; path = WeatherModel.swift; sourceTree = "<group>"; };
		26BFE9DC2345242600E2795E /* WeatherController.swift */ = {isa = PBXFileReference; lastKnownFileType = sourcecode.swift; path = WeatherController.swift; sourceTree = "<group>"; };
/* End PBXFileReference section */

/* Begin PBXFrameworksBuildPhase section */
		26BFE9BD23451A9000E2795E /* Frameworks */ = {
			isa = PBXFrameworksBuildPhase;
			buildActionMask = 2147483647;
			files = (
			);
			runOnlyForDeploymentPostprocessing = 0;
		};
/* End PBXFrameworksBuildPhase section */

/* Begin PBXGroup section */
		26BFE9B723451A9000E2795E = {
			isa = PBXGroup;
			children = (
				26BFE9C223451A9000E2795E /* WeatherAPI */,
				26BFE9C123451A9000E2795E /* Products */,
			);
			sourceTree = "<group>";
		};
		26BFE9C123451A9000E2795E /* Products */ = {
			isa = PBXGroup;
			children = (
				26BFE9C023451A9000E2795E /* WeatherAPI.app */,
			);
			name = Products;
			sourceTree = "<group>";
		};
		26BFE9C223451A9000E2795E /* WeatherAPI */ = {
			isa = PBXGroup;
			children = (
				26BFE9D923451C7A00E2795E /* Controller */,
				26BFE9D823451C7200E2795E /* model */,
				26BFE9D723451C2800E2795E /* SupportingDocuments  */,
				26BFE9C923451A9000E2795E /* Main.storyboard */,
			);
			path = WeatherAPI;
			sourceTree = "<group>";
		};
		26BFE9D723451C2800E2795E /* SupportingDocuments  */ = {
			isa = PBXGroup;
			children = (
				26BFE9C323451A9000E2795E /* AppDelegate.swift */,
				26BFE9C523451A9000E2795E /* SceneDelegate.swift */,
				26BFE9CC23451A9100E2795E /* Assets.xcassets */,
				26BFE9CE23451A9100E2795E /* LaunchScreen.storyboard */,
				26BFE9D123451A9100E2795E /* Info.plist */,
			);
			path = "SupportingDocuments ";
			sourceTree = "<group>";
		};
		26BFE9D823451C7200E2795E /* model */ = {
			isa = PBXGroup;
			children = (
				26BFE9DA23451C9700E2795E /* WeatherModel.swift */,
			);
			path = model;
			sourceTree = "<group>";
		};
		26BFE9D923451C7A00E2795E /* Controller */ = {
			isa = PBXGroup;
			children = (
				26BFE9DC2345242600E2795E /* WeatherController.swift */,
				26A52ABD23453F8500700778 /* WeatherViewController.swift */,
			);
			path = Controller;
			sourceTree = "<group>";
		};
/* End PBXGroup section */

/* Begin PBXNativeTarget section */
		26BFE9BF23451A9000E2795E /* WeatherAPI */ = {
			isa = PBXNativeTarget;
			buildConfigurationList = 26BFE9D423451A9100E2795E /* Build configuration list for PBXNativeTarget "WeatherAPI" */;
			buildPhases = (
				26BFE9BC23451A9000E2795E /* Sources */,
				26BFE9BD23451A9000E2795E /* Frameworks */,
				26BFE9BE23451A9000E2795E /* Resources */,
			);
			buildRules = (
			);
			dependencies = (
			);
			name = WeatherAPI;
			productName = WeatherAPI;
			productReference = 26BFE9C023451A9000E2795E /* WeatherAPI.app */;
			productType = "com.apple.product-type.application";
		};
/* End PBXNativeTarget section */

/* Begin PBXProject section */
		26BFE9B823451A9000E2795E /* Project object */ = {
			isa = PBXProject;
			attributes = {
				LastSwiftUpdateCheck = 1100;
				LastUpgradeCheck = 1100;
				ORGANIZATIONNAME = "Michael Di Cesare";
				TargetAttributes = {
					26BFE9BF23451A9000E2795E = {
						CreatedOnToolsVersion = 11.0;
					};
				};
			};
			buildConfigurationList = 26BFE9BB23451A9000E2795E /* Build configuration list for PBXProject "WeatherAPI" */;
			compatibilityVersion = "Xcode 9.3";
			developmentRegion = en;
			hasScannedForEncodings = 0;
			knownRegions = (
				en,
				Base,
			);
			mainGroup = 26BFE9B723451A9000E2795E;
			productRefGroup = 26BFE9C123451A9000E2795E /* Products */;
			projectDirPath = "";
			projectRoot = "";
			targets = (
				26BFE9BF23451A9000E2795E /* WeatherAPI */,
			);
		};
/* End PBXProject section */

/* Begin PBXResourcesBuildPhase section */
		26BFE9BE23451A9000E2795E /* Resources */ = {
			isa = PBXResourcesBuildPhase;
			buildActionMask = 2147483647;
			files = (
				26BFE9D023451A9100E2795E /* LaunchScreen.storyboard in Resources */,
				26BFE9CD23451A9100E2795E /* Assets.xcassets in Resources */,
				26BFE9CB23451A9000E2795E /* Main.storyboard in Resources */,
			);
			runOnlyForDeploymentPostprocessing = 0;
		};
/* End PBXResourcesBuildPhase section */

/* Begin PBXSourcesBuildPhase section */
		26BFE9BC23451A9000E2795E /* Sources */ = {
			isa = PBXSourcesBuildPhase;
			buildActionMask = 2147483647;
			files = (
				26BFE9C423451A9000E2795E /* AppDelegate.swift in Sources */,
				26A52ABE23453F8500700778 /* WeatherViewController.swift in Sources */,
				26BFE9DB23451C9700E2795E /* WeatherModel.swift in Sources */,
				26BFE9DD2345242600E2795E /* WeatherController.swift in Sources */,
				26BFE9C623451A9000E2795E /* SceneDelegate.swift in Sources */,
			);
			runOnlyForDeploymentPostprocessing = 0;
		};
/* End PBXSourcesBuildPhase section */

/* Begin PBXVariantGroup section */
		26BFE9C923451A9000E2795E /* Main.storyboard */ = {
			isa = PBXVariantGroup;
			children = (
				26BFE9CA23451A9000E2795E /* Base */,
			);
			name = Main.storyboard;
			sourceTree = "<group>";
		};
		26BFE9CE23451A9100E2795E /* LaunchScreen.storyboard */ = {
			isa = PBXVariantGroup;
			children = (
				26BFE9CF23451A9100E2795E /* Base */,
			);
			name = LaunchScreen.storyboard;
			sourceTree = "<group>";
		};
/* End PBXVariantGroup section */

/* Begin XCBuildConfiguration section */
		26BFE9D223451A9100E2795E /* Debug */ = {
			isa = XCBuildConfiguration;
			buildSettings = {
				ALWAYS_SEARCH_USER_PATHS = NO;
				CLANG_ANALYZER_NONNULL = YES;
				CLANG_ANALYZER_NUMBER_OBJECT_CONVERSION = YES_AGGRESSIVE;
				CLANG_CXX_LANGUAGE_STANDARD = "gnu++14";
				CLANG_CXX_LIBRARY = "libc++";
				CLANG_ENABLE_MODULES = YES;
				CLANG_ENABLE_OBJC_ARC = YES;
				CLANG_ENABLE_OBJC_WEAK = YES;
				CLANG_WARN_BLOCK_CAPTURE_AUTORELEASING = YES;
				CLANG_WARN_BOOL_CONVERSION = YES;
				CLANG_WARN_COMMA = YES;
				CLANG_WARN_CONSTANT_CONVERSION = YES;
				CLANG_WARN_DEPRECATED_OBJC_IMPLEMENTATIONS = YES;
				CLANG_WARN_DIRECT_OBJC_ISA_USAGE = YES_ERROR;
				CLANG_WARN_DOCUMENTATION_COMMENTS = YES;
				CLANG_WARN_EMPTY_BODY = YES;
				CLANG_WARN_ENUM_CONVERSION = YES;
				CLANG_WARN_INFINITE_RECURSION = YES;
				CLANG_WARN_INT_CONVERSION = YES;
				CLANG_WARN_NON_LITERAL_NULL_CONVERSION = YES;
				CLANG_WARN_OBJC_IMPLICIT_RETAIN_SELF = YES;
				CLANG_WARN_OBJC_LITERAL_CONVERSION = YES;
				CLANG_WARN_OBJC_ROOT_CLASS = YES_ERROR;
				CLANG_WARN_RANGE_LOOP_ANALYSIS = YES;
				CLANG_WARN_STRICT_PROTOTYPES = YES;
				CLANG_WARN_SUSPICIOUS_MOVE = YES;
				CLANG_WARN_UNGUARDED_AVAILABILITY = YES_AGGRESSIVE;
				CLANG_WARN_UNREACHABLE_CODE = YES;
				CLANG_WARN__DUPLICATE_METHOD_MATCH = YES;
				COPY_PHASE_STRIP = NO;
				DEBUG_INFORMATION_FORMAT = dwarf;
				ENABLE_STRICT_OBJC_MSGSEND = YES;
				ENABLE_TESTABILITY = YES;
				GCC_C_LANGUAGE_STANDARD = gnu11;
				GCC_DYNAMIC_NO_PIC = NO;
				GCC_NO_COMMON_BLOCKS = YES;
				GCC_OPTIMIZATION_LEVEL = 0;
				GCC_PREPROCESSOR_DEFINITIONS = (
					"DEBUG=1",
					"$(inherited)",
				);
				GCC_WARN_64_TO_32_BIT_CONVERSION = YES;
				GCC_WARN_ABOUT_RETURN_TYPE = YES_ERROR;
				GCC_WARN_UNDECLARED_SELECTOR = YES;
				GCC_WARN_UNINITIALIZED_AUTOS = YES_AGGRESSIVE;
				GCC_WARN_UNUSED_FUNCTION = YES;
				GCC_WARN_UNUSED_VARIABLE = YES;
				IPHONEOS_DEPLOYMENT_TARGET = 13.0;
				MTL_ENABLE_DEBUG_INFO = INCLUDE_SOURCE;
				MTL_FAST_MATH = YES;
				ONLY_ACTIVE_ARCH = YES;
				SDKROOT = iphoneos;
				SWIFT_ACTIVE_COMPILATION_CONDITIONS = DEBUG;
				SWIFT_OPTIMIZATION_LEVEL = "-Onone";
			};
			name = Debug;
		};
		26BFE9D323451A9100E2795E /* Release */ = {
			isa = XCBuildConfiguration;
			buildSettings = {
				ALWAYS_SEARCH_USER_PATHS = NO;
				CLANG_ANALYZER_NONNULL = YES;
				CLANG_ANALYZER_NUMBER_OBJECT_CONVERSION = YES_AGGRESSIVE;
				CLANG_CXX_LANGUAGE_STANDARD = "gnu++14";
				CLANG_CXX_LIBRARY = "libc++";
				CLANG_ENABLE_MODULES = YES;
				CLANG_ENABLE_OBJC_ARC = YES;
				CLANG_ENABLE_OBJC_WEAK = YES;
				CLANG_WARN_BLOCK_CAPTURE_AUTORELEASING = YES;
				CLANG_WARN_BOOL_CONVERSION = YES;
				CLANG_WARN_COMMA = YES;
				CLANG_WARN_CONSTANT_CONVERSION = YES;
				CLANG_WARN_DEPRECATED_OBJC_IMPLEMENTATIONS = YES;
				CLANG_WARN_DIRECT_OBJC_ISA_USAGE = YES_ERROR;
				CLANG_WARN_DOCUMENTATION_COMMENTS = YES;
				CLANG_WARN_EMPTY_BODY = YES;
				CLANG_WARN_ENUM_CONVERSION = YES;
				CLANG_WARN_INFINITE_RECURSION = YES;
				CLANG_WARN_INT_CONVERSION = YES;
				CLANG_WARN_NON_LITERAL_NULL_CONVERSION = YES;
				CLANG_WARN_OBJC_IMPLICIT_RETAIN_SELF = YES;
				CLANG_WARN_OBJC_LITERAL_CONVERSION = YES;
				CLANG_WARN_OBJC_ROOT_CLASS = YES_ERROR;
				CLANG_WARN_RANGE_LOOP_ANALYSIS = YES;
				CLANG_WARN_STRICT_PROTOTYPES = YES;
				CLANG_WARN_SUSPICIOUS_MOVE = YES;
				CLANG_WARN_UNGUARDED_AVAILABILITY = YES_AGGRESSIVE;
				CLANG_WARN_UNREACHABLE_CODE = YES;
				CLANG_WARN__DUPLICATE_METHOD_MATCH = YES;
				COPY_PHASE_STRIP = NO;
				DEBUG_INFORMATION_FORMAT = "dwarf-with-dsym";
				ENABLE_NS_ASSERTIONS = NO;
				ENABLE_STRICT_OBJC_MSGSEND = YES;
				GCC_C_LANGUAGE_STANDARD = gnu11;
				GCC_NO_COMMON_BLOCKS = YES;
				GCC_WARN_64_TO_32_BIT_CONVERSION = YES;
				GCC_WARN_ABOUT_RETURN_TYPE = YES_ERROR;
				GCC_WARN_UNDECLARED_SELECTOR = YES;
				GCC_WARN_UNINITIALIZED_AUTOS = YES_AGGRESSIVE;
				GCC_WARN_UNUSED_FUNCTION = YES;
				GCC_WARN_UNUSED_VARIABLE = YES;
				IPHONEOS_DEPLOYMENT_TARGET = 13.0;
				MTL_ENABLE_DEBUG_INFO = NO;
				MTL_FAST_MATH = YES;
				SDKROOT = iphoneos;
				SWIFT_COMPILATION_MODE = wholemodule;
				SWIFT_OPTIMIZATION_LEVEL = "-O";
				VALIDATE_PRODUCT = YES;
			};
			name = Release;
		};
		26BFE9D523451A9100E2795E /* Debug */ = {
			isa = XCBuildConfiguration;
			buildSettings = {
				ASSETCATALOG_COMPILER_APPICON_NAME = AppIcon;
				CODE_SIGN_STYLE = Automatic;
				DEVELOPMENT_TEAM = B35K2XL3AM;
				INFOPLIST_FILE = "WeatherAPI/SupportingDocuments /Info.plist";
				LD_RUNPATH_SEARCH_PATHS = (
					"$(inherited)",
					"@executable_path/Frameworks",
				);
				PRODUCT_BUNDLE_IDENTIFIER = com.MichaelDicesare.WeatherAPI;
				PRODUCT_NAME = "$(TARGET_NAME)";
				SWIFT_VERSION = 5.0;
				TARGETED_DEVICE_FAMILY = "1,2";
			};
			name = Debug;
		};
		26BFE9D623451A9100E2795E /* Release */ = {
			isa = XCBuildConfiguration;
			buildSettings = {
				ASSETCATALOG_COMPILER_APPICON_NAME = AppIcon;
				CODE_SIGN_STYLE = Automatic;
				DEVELOPMENT_TEAM = B35K2XL3AM;
				INFOPLIST_FILE = "WeatherAPI/SupportingDocuments /Info.plist";
				LD_RUNPATH_SEARCH_PATHS = (
					"$(inherited)",
					"@executable_path/Frameworks",
				);
				PRODUCT_BUNDLE_IDENTIFIER = com.MichaelDicesare.WeatherAPI;
				PRODUCT_NAME = "$(TARGET_NAME)";
				SWIFT_VERSION = 5.0;
				TARGETED_DEVICE_FAMILY = "1,2";
			};
			name = Release;
		};
/* End XCBuildConfiguration section */

/* Begin XCConfigurationList section */
		26BFE9BB23451A9000E2795E /* Build configuration list for PBXProject "WeatherAPI" */ = {
			isa = XCConfigurationList;
			buildConfigurations = (
				26BFE9D223451A9100E2795E /* Debug */,
				26BFE9D323451A9100E2795E /* Release */,
			);
			defaultConfigurationIsVisible = 0;
			defaultConfigurationName = Release;
		};
		26BFE9D423451A9100E2795E /* Build configuration list for PBXNativeTarget "WeatherAPI" */ = {
			isa = XCConfigurationList;
			buildConfigurations = (
				26BFE9D523451A9100E2795E /* Debug */,
				26BFE9D623451A9100E2795E /* Release */,
			);
			defaultConfigurationIsVisible = 0;
			defaultConfigurationName = Release;
		};
/* End XCConfigurationList section */
	};
	rootObject = 26BFE9B823451A9000E2795E /* Project object */;
}
